
Microsoft Visual Studio Solution File, Format Version 12.00
Project("{FAE04EC0-301F-11D3-BF4B-00C04F79EFBC}") = "youtube-dl-viewer", "youtube-dl-viewer.csproj", "{2E38B366-048C-4495-82CB-678E3EF2EACB}"
EndProject
Global
	GlobalSection(SolutionConfigurationPlatforms) = preSolution
		Debug|Any CPU = Debug|Any CPU
		Release|Any CPU = Release|Any CPU
	EndGlobalSection
	GlobalSection(ProjectConfigurationPlatforms) = postSolution
		{2E38B366-048C-4495-82CB-678E3EF2EACB}.Debug|Any CPU.ActiveCfg = Debug|Any CPU
		{2E38B366-048C-4495-82CB-678E3EF2EACB}.Debug|Any CPU.Build.0 = Debug|Any CPU
		{2E38B366-048C-4495-82CB-678E3EF2EACB}.Release|Any CPU.ActiveCfg = Release|Any CPU
		{2E38B366-048C-4495-82CB-678E3EF2EACB}.Release|Any CPU.Build.0 = Release|Any CPU
	EndGlobalSection
EndGlobal
